
Microsoft Visual Studio Solution File, Format Version 12.00
# Visual Studio 15
VisualStudioVersion = 15.0.27703.2042
MinimumVisualStudioVersion = 10.0.40219.1
Project("{FAE04EC0-301F-11D3-BF4B-00C04F79EFBC}") = "TestMongo2.0", "TestMongo2.0\TestMongo2.0.csproj", "{F9C71041-3E0B-415A-A32A-20A7BD4D4195}"
EndProject
Global
	GlobalSection(SolutionConfigurationPlatforms) = preSolution
		Debug|Any CPU = Debug|Any CPU
		Release|Any CPU = Release|Any CPU
	EndGlobalSection
	GlobalSection(ProjectConfigurationPlatforms) = postSolution
		{F9C71041-3E0B-415A-A32A-20A7BD4D4195}.Debug|Any CPU.ActiveCfg = Debug|Any CPU
		{F9C71041-3E0B-415A-A32A-20A7BD4D4195}.Debug|Any CPU.Build.0 = Debug|Any CPU
		{F9C71041-3E0B-415A-A32A-20A7BD4D4195}.Release|Any CPU.ActiveCfg = Release|Any CPU
		{F9C71041-3E0B-415A-A32A-20A7BD4D4195}.Release|Any CPU.Build.0 = Release|Any CPU
	EndGlobalSection
	GlobalSection(SolutionProperties) = preSolution
		HideSolutionNode = FALSE
	EndGlobalSection
	GlobalSection(ExtensibilityGlobals) = postSolution
		SolutionGuid = {D82C8E9B-7EBB-4BCA-8B13-EB6E502FE09B}
	EndGlobalSection
EndGlobal
